// !$*UTF8*$!
{
	archiveVersion = 1;
	classes = {
	};
	objectVersion = 50;
	objects = {

/* Begin PBXBuildFile section */
		9FB82D6A25D7FC550032A0FD /* AppDelegate.swift in Sources */ = {isa = PBXBuildFile; fileRef = 9FB82D6925D7FC550032A0FD /* AppDelegate.swift */; };
		9FB82D6E25D7FC550032A0FD /* ViewController.swift in Sources */ = {isa = PBXBuildFile; fileRef = 9FB82D6D25D7FC550032A0FD /* ViewController.swift */; };
		9FB82D7125D7FC550032A0FD /* Main.storyboard in Resources */ = {isa = PBXBuildFile; fileRef = 9FB82D6F25D7FC550032A0FD /* Main.storyboard */; };
		9FB82D7325D7FC580032A0FD /* Assets.xcassets in Resources */ = {isa = PBXBuildFile; fileRef = 9FB82D7225D7FC580032A0FD /* Assets.xcassets */; };
		9FB82D7625D7FC580032A0FD /* LaunchScreen.storyboard in Resources */ = {isa = PBXBuildFile; fileRef = 9FB82D7425D7FC580032A0FD /* LaunchScreen.storyboard */; };
		9FB82D8125D7FC590032A0FD /* LionheartAppTests.swift in Sources */ = {isa = PBXBuildFile; fileRef = 9FB82D8025D7FC590032A0FD /* LionheartAppTests.swift */; };
		9FB82D8C25D7FC590032A0FD /* LionheartAppUITests.swift in Sources */ = {isa = PBXBuildFile; fileRef = 9FB82D8B25D7FC590032A0FD /* LionheartAppUITests.swift */; };
		9FB82DB225D7FEB60032A0FD /* AppDomainError.swift in Sources */ = {isa = PBXBuildFile; fileRef = 9FB82DB125D7FEB60032A0FD /* AppDomainError.swift */; };
		9FB82DBA25D7FF700032A0FD /* AppInitialiser.swift in Sources */ = {isa = PBXBuildFile; fileRef = 9FB82DB925D7FF700032A0FD /* AppInitialiser.swift */; };
/* End PBXBuildFile section */

/* Begin PBXContainerItemProxy section */
		9FB82D7D25D7FC590032A0FD /* PBXContainerItemProxy */ = {
			isa = PBXContainerItemProxy;
			containerPortal = 9FB82D5E25D7FC550032A0FD /* Project object */;
			proxyType = 1;
			remoteGlobalIDString = 9FB82D6525D7FC550032A0FD;
			remoteInfo = LionheartApp;
		};
		9FB82D8825D7FC590032A0FD /* PBXContainerItemProxy */ = {
			isa = PBXContainerItemProxy;
			containerPortal = 9FB82D5E25D7FC550032A0FD /* Project object */;
			proxyType = 1;
			remoteGlobalIDString = 9FB82D6525D7FC550032A0FD;
			remoteInfo = LionheartApp;
		};
/* End PBXContainerItemProxy section */

/* Begin PBXFileReference section */
		9FB82D6625D7FC550032A0FD /* LionheartApp.app */ = {isa = PBXFileReference; explicitFileType = wrapper.application; includeInIndex = 0; path = LionheartApp.app; sourceTree = BUILT_PRODUCTS_DIR; };
		9FB82D6925D7FC550032A0FD /* AppDelegate.swift */ = {isa = PBXFileReference; lastKnownFileType = sourcecode.swift; path = AppDelegate.swift; sourceTree = "<group>"; };
		9FB82D6D25D7FC550032A0FD /* ViewController.swift */ = {isa = PBXFileReference; lastKnownFileType = sourcecode.swift; path = ViewController.swift; sourceTree = "<group>"; };
		9FB82D7025D7FC550032A0FD /* Base */ = {isa = PBXFileReference; lastKnownFileType = file.storyboard; name = Base; path = Base.lproj/Main.storyboard; sourceTree = "<group>"; };
		9FB82D7225D7FC580032A0FD /* Assets.xcassets */ = {isa = PBXFileReference; lastKnownFileType = folder.assetcatalog; path = Assets.xcassets; sourceTree = "<group>"; };
		9FB82D7525D7FC580032A0FD /* Base */ = {isa = PBXFileReference; lastKnownFileType = file.storyboard; name = Base; path = Base.lproj/LaunchScreen.storyboard; sourceTree = "<group>"; };
		9FB82D7725D7FC580032A0FD /* Info.plist */ = {isa = PBXFileReference; lastKnownFileType = text.plist.xml; path = Info.plist; sourceTree = "<group>"; };
		9FB82D7C25D7FC590032A0FD /* LionheartAppTests.xctest */ = {isa = PBXFileReference; explicitFileType = wrapper.cfbundle; includeInIndex = 0; path = LionheartAppTests.xctest; sourceTree = BUILT_PRODUCTS_DIR; };
		9FB82D8025D7FC590032A0FD /* LionheartAppTests.swift */ = {isa = PBXFileReference; lastKnownFileType = sourcecode.swift; path = LionheartAppTests.swift; sourceTree = "<group>"; };
		9FB82D8225D7FC590032A0FD /* Info.plist */ = {isa = PBXFileReference; lastKnownFileType = text.plist.xml; path = Info.plist; sourceTree = "<group>"; };
		9FB82D8725D7FC590032A0FD /* LionheartAppUITests.xctest */ = {isa = PBXFileReference; explicitFileType = wrapper.cfbundle; includeInIndex = 0; path = LionheartAppUITests.xctest; sourceTree = BUILT_PRODUCTS_DIR; };
		9FB82D8B25D7FC590032A0FD /* LionheartAppUITests.swift */ = {isa = PBXFileReference; lastKnownFileType = sourcecode.swift; path = LionheartAppUITests.swift; sourceTree = "<group>"; };
		9FB82D8D25D7FC590032A0FD /* Info.plist */ = {isa = PBXFileReference; lastKnownFileType = text.plist.xml; path = Info.plist; sourceTree = "<group>"; };
		9FB82DB125D7FEB60032A0FD /* AppDomainError.swift */ = {isa = PBXFileReference; lastKnownFileType = sourcecode.swift; path = AppDomainError.swift; sourceTree = "<group>"; };
		9FB82DB925D7FF700032A0FD /* AppInitialiser.swift */ = {isa = PBXFileReference; lastKnownFileType = sourcecode.swift; path = AppInitialiser.swift; sourceTree = "<group>"; };
/* End PBXFileReference section */

/* Begin PBXFrameworksBuildPhase section */
		9FB82D6325D7FC550032A0FD /* Frameworks */ = {
			isa = PBXFrameworksBuildPhase;
			buildActionMask = 2147483647;
			files = (
			);
			runOnlyForDeploymentPostprocessing = 0;
		};
		9FB82D7925D7FC590032A0FD /* Frameworks */ = {
			isa = PBXFrameworksBuildPhase;
			buildActionMask = 2147483647;
			files = (
			);
			runOnlyForDeploymentPostprocessing = 0;
		};
		9FB82D8425D7FC590032A0FD /* Frameworks */ = {
			isa = PBXFrameworksBuildPhase;
			buildActionMask = 2147483647;
			files = (
			);
			runOnlyForDeploymentPostprocessing = 0;
		};
/* End PBXFrameworksBuildPhase section */

/* Begin PBXGroup section */
		9FB82D5D25D7FC550032A0FD = {
			isa = PBXGroup;
			children = (
				9FB82D6825D7FC550032A0FD /* LionheartApp */,
				9FB82D7F25D7FC590032A0FD /* LionheartAppTests */,
				9FB82D8A25D7FC590032A0FD /* LionheartAppUITests */,
				9FB82D6725D7FC550032A0FD /* Products */,
			);
			sourceTree = "<group>";
		};
		9FB82D6725D7FC550032A0FD /* Products */ = {
			isa = PBXGroup;
			children = (
				9FB82D6625D7FC550032A0FD /* LionheartApp.app */,
				9FB82D7C25D7FC590032A0FD /* LionheartAppTests.xctest */,
				9FB82D8725D7FC590032A0FD /* LionheartAppUITests.xctest */,
			);
			name = Products;
			sourceTree = "<group>";
		};
		9FB82D6825D7FC550032A0FD /* LionheartApp */ = {
			isa = PBXGroup;
			children = (
				9FB82DA325D7FD4F0032A0FD /* Application */,
				9FB82DA425D7FD560032A0FD /* Presentation */,
				9FB82DA525D7FD670032A0FD /* Domain */,
				9FB82DA625D7FD760032A0FD /* Network */,
				9FB82DA725D7FD800032A0FD /* Utils */,
				9FB82D9C25D7FC670032A0FD /* SupportingFiles */,
				9FB82DA825D7FD8D0032A0FD /* Resources */,
			);
			path = LionheartApp;
			sourceTree = "<group>";
		};
		9FB82D7F25D7FC590032A0FD /* LionheartAppTests */ = {
			isa = PBXGroup;
			children = (
				9FB82D8025D7FC590032A0FD /* LionheartAppTests.swift */,
				9FB82D8225D7FC590032A0FD /* Info.plist */,
			);
			path = LionheartAppTests;
			sourceTree = "<group>";
		};
		9FB82D8A25D7FC590032A0FD /* LionheartAppUITests */ = {
			isa = PBXGroup;
			children = (
				9FB82D8B25D7FC590032A0FD /* LionheartAppUITests.swift */,
				9FB82D8D25D7FC590032A0FD /* Info.plist */,
			);
			path = LionheartAppUITests;
			sourceTree = "<group>";
		};
		9FB82D9C25D7FC670032A0FD /* SupportingFiles */ = {
			isa = PBXGroup;
			children = (
				9FB82D7725D7FC580032A0FD /* Info.plist */,
			);
			path = SupportingFiles;
			sourceTree = "<group>";
		};
		9FB82DA325D7FD4F0032A0FD /* Application */ = {
			isa = PBXGroup;
			children = (
				9FB82D6925D7FC550032A0FD /* AppDelegate.swift */,
				9FB82DB925D7FF700032A0FD /* AppInitialiser.swift */,
			);
			path = Application;
			sourceTree = "<group>";
		};
		9FB82DA425D7FD560032A0FD /* Presentation */ = {
			isa = PBXGroup;
			children = (
				9FB82D6D25D7FC550032A0FD /* ViewController.swift */,
				9FB82D6F25D7FC550032A0FD /* Main.storyboard */,
				9FB82D7425D7FC580032A0FD /* LaunchScreen.storyboard */,
			);
			path = Presentation;
			sourceTree = "<group>";
		};
		9FB82DA525D7FD670032A0FD /* Domain */ = {
			isa = PBXGroup;
			children = (
				9FB82DB025D7FE9C0032A0FD /* Errors */,
			);
			path = Domain;
			sourceTree = "<group>";
		};
		9FB82DA625D7FD760032A0FD /* Network */ = {
			isa = PBXGroup;
			children = (
			);
			path = Network;
			sourceTree = "<group>";
		};
		9FB82DA725D7FD800032A0FD /* Utils */ = {
			isa = PBXGroup;
			children = (
			);
			path = Utils;
			sourceTree = "<group>";
		};
		9FB82DA825D7FD8D0032A0FD /* Resources */ = {
			isa = PBXGroup;
			children = (
				9FB82DA925D7FD980032A0FD /* Assets */,
			);
			path = Resources;
			sourceTree = "<group>";
		};
		9FB82DA925D7FD980032A0FD /* Assets */ = {
			isa = PBXGroup;
			children = (
				9FB82D7225D7FC580032A0FD /* Assets.xcassets */,
			);
			path = Assets;
			sourceTree = "<group>";
		};
		9FB82DB025D7FE9C0032A0FD /* Errors */ = {
			isa = PBXGroup;
			children = (
				9FB82DB125D7FEB60032A0FD /* AppDomainError.swift */,
			);
			path = Errors;
			sourceTree = "<group>";
		};
/* End PBXGroup section */

/* Begin PBXNativeTarget section */
		9FB82D6525D7FC550032A0FD /* LionheartApp */ = {
			isa = PBXNativeTarget;
			buildConfigurationList = 9FB82D9025D7FC590032A0FD /* Build configuration list for PBXNativeTarget "LionheartApp" */;
			buildPhases = (
				9FB82D6225D7FC550032A0FD /* Sources */,
				9FB82D6325D7FC550032A0FD /* Frameworks */,
				9FB82D6425D7FC550032A0FD /* Resources */,
			);
			buildRules = (
			);
			dependencies = (
			);
			name = LionheartApp;
			productName = LionheartApp;
			productReference = 9FB82D6625D7FC550032A0FD /* LionheartApp.app */;
			productType = "com.apple.product-type.application";
		};
		9FB82D7B25D7FC590032A0FD /* LionheartAppTests */ = {
			isa = PBXNativeTarget;
			buildConfigurationList = 9FB82D9325D7FC590032A0FD /* Build configuration list for PBXNativeTarget "LionheartAppTests" */;
			buildPhases = (
				9FB82D7825D7FC590032A0FD /* Sources */,
				9FB82D7925D7FC590032A0FD /* Frameworks */,
				9FB82D7A25D7FC590032A0FD /* Resources */,
			);
			buildRules = (
			);
			dependencies = (
				9FB82D7E25D7FC590032A0FD /* PBXTargetDependency */,
			);
			name = LionheartAppTests;
			productName = LionheartAppTests;
			productReference = 9FB82D7C25D7FC590032A0FD /* LionheartAppTests.xctest */;
			productType = "com.apple.product-type.bundle.unit-test";
		};
		9FB82D8625D7FC590032A0FD /* LionheartAppUITests */ = {
			isa = PBXNativeTarget;
			buildConfigurationList = 9FB82D9625D7FC590032A0FD /* Build configuration list for PBXNativeTarget "LionheartAppUITests" */;
			buildPhases = (
				9FB82D8325D7FC590032A0FD /* Sources */,
				9FB82D8425D7FC590032A0FD /* Frameworks */,
				9FB82D8525D7FC590032A0FD /* Resources */,
			);
			buildRules = (
			);
			dependencies = (
				9FB82D8925D7FC590032A0FD /* PBXTargetDependency */,
			);
			name = LionheartAppUITests;
			productName = LionheartAppUITests;
			productReference = 9FB82D8725D7FC590032A0FD /* LionheartAppUITests.xctest */;
			productType = "com.apple.product-type.bundle.ui-testing";
		};
/* End PBXNativeTarget section */

/* Begin PBXProject section */
		9FB82D5E25D7FC550032A0FD /* Project object */ = {
			isa = PBXProject;
			attributes = {
				LastSwiftUpdateCheck = 1230;
				LastUpgradeCheck = 1230;
				TargetAttributes = {
					9FB82D6525D7FC550032A0FD = {
						CreatedOnToolsVersion = 12.3;
					};
					9FB82D7B25D7FC590032A0FD = {
						CreatedOnToolsVersion = 12.3;
						TestTargetID = 9FB82D6525D7FC550032A0FD;
					};
					9FB82D8625D7FC590032A0FD = {
						CreatedOnToolsVersion = 12.3;
						TestTargetID = 9FB82D6525D7FC550032A0FD;
					};
				};
			};
			buildConfigurationList = 9FB82D6125D7FC550032A0FD /* Build configuration list for PBXProject "LionheartApp" */;
			compatibilityVersion = "Xcode 9.3";
			developmentRegion = en;
			hasScannedForEncodings = 0;
			knownRegions = (
				en,
				Base,
			);
			mainGroup = 9FB82D5D25D7FC550032A0FD;
			productRefGroup = 9FB82D6725D7FC550032A0FD /* Products */;
			projectDirPath = "";
			projectRoot = "";
			targets = (
				9FB82D6525D7FC550032A0FD /* LionheartApp */,
				9FB82D7B25D7FC590032A0FD /* LionheartAppTests */,
				9FB82D8625D7FC590032A0FD /* LionheartAppUITests */,
			);
		};
/* End PBXProject section */

/* Begin PBXResourcesBuildPhase section */
		9FB82D6425D7FC550032A0FD /* Resources */ = {
			isa = PBXResourcesBuildPhase;
			buildActionMask = 2147483647;
			files = (
				9FB82D7625D7FC580032A0FD /* LaunchScreen.storyboard in Resources */,
				9FB82D7325D7FC580032A0FD /* Assets.xcassets in Resources */,
				9FB82D7125D7FC550032A0FD /* Main.storyboard in Resources */,
			);
			runOnlyForDeploymentPostprocessing = 0;
		};
		9FB82D7A25D7FC590032A0FD /* Resources */ = {
			isa = PBXResourcesBuildPhase;
			buildActionMask = 2147483647;
			files = (
			);
			runOnlyForDeploymentPostprocessing = 0;
		};
		9FB82D8525D7FC590032A0FD /* Resources */ = {
			isa = PBXResourcesBuildPhase;
			buildActionMask = 2147483647;
			files = (
			);
			runOnlyForDeploymentPostprocessing = 0;
		};
/* End PBXResourcesBuildPhase section */

/* Begin PBXSourcesBuildPhase section */
		9FB82D6225D7FC550032A0FD /* Sources */ = {
			isa = PBXSourcesBuildPhase;
			buildActionMask = 2147483647;
			files = (
				9FB82D6E25D7FC550032A0FD /* ViewController.swift in Sources */,
				9FB82DBA25D7FF700032A0FD /* AppInitialiser.swift in Sources */,
				9FB82DB225D7FEB60032A0FD /* AppDomainError.swift in Sources */,
				9FB82D6A25D7FC550032A0FD /* AppDelegate.swift in Sources */,
			);
			runOnlyForDeploymentPostprocessing = 0;
		};
		9FB82D7825D7FC590032A0FD /* Sources */ = {
			isa = PBXSourcesBuildPhase;
			buildActionMask = 2147483647;
			files = (
				9FB82D8125D7FC590032A0FD /* LionheartAppTests.swift in Sources */,
			);
			runOnlyForDeploymentPostprocessing = 0;
		};
		9FB82D8325D7FC590032A0FD /* Sources */ = {
			isa = PBXSourcesBuildPhase;
			buildActionMask = 2147483647;
			files = (
				9FB82D8C25D7FC590032A0FD /* LionheartAppUITests.swift in Sources */,
			);
			runOnlyForDeploymentPostprocessing = 0;
		};
/* End PBXSourcesBuildPhase section */

/* Begin PBXTargetDependency section */
		9FB82D7E25D7FC590032A0FD /* PBXTargetDependency */ = {
			isa = PBXTargetDependency;
			target = 9FB82D6525D7FC550032A0FD /* LionheartApp */;
			targetProxy = 9FB82D7D25D7FC590032A0FD /* PBXContainerItemProxy */;
		};
		9FB82D8925D7FC590032A0FD /* PBXTargetDependency */ = {
			isa = PBXTargetDependency;
			target = 9FB82D6525D7FC550032A0FD /* LionheartApp */;
			targetProxy = 9FB82D8825D7FC590032A0FD /* PBXContainerItemProxy */;
		};
/* End PBXTargetDependency section */

/* Begin PBXVariantGroup section */
		9FB82D6F25D7FC550032A0FD /* Main.storyboard */ = {
			isa = PBXVariantGroup;
			children = (
				9FB82D7025D7FC550032A0FD /* Base */,
			);
			name = Main.storyboard;
			sourceTree = "<group>";
		};
		9FB82D7425D7FC580032A0FD /* LaunchScreen.storyboard */ = {
			isa = PBXVariantGroup;
			children = (
				9FB82D7525D7FC580032A0FD /* Base */,
			);
			name = LaunchScreen.storyboard;
			sourceTree = "<group>";
		};
/* End PBXVariantGroup section */

/* Begin XCBuildConfiguration section */
		9FB82D8E25D7FC590032A0FD /* Debug */ = {
			isa = XCBuildConfiguration;
			buildSettings = {
				ALWAYS_SEARCH_USER_PATHS = NO;
				CLANG_ANALYZER_NONNULL = YES;
				CLANG_ANALYZER_NUMBER_OBJECT_CONVERSION = YES_AGGRESSIVE;
				CLANG_CXX_LANGUAGE_STANDARD = "gnu++14";
				CLANG_CXX_LIBRARY = "libc++";
				CLANG_ENABLE_MODULES = YES;
				CLANG_ENABLE_OBJC_ARC = YES;
				CLANG_ENABLE_OBJC_WEAK = YES;
				CLANG_WARN_BLOCK_CAPTURE_AUTORELEASING = YES;
				CLANG_WARN_BOOL_CONVERSION = YES;
				CLANG_WARN_COMMA = YES;
				CLANG_WARN_CONSTANT_CONVERSION = YES;
				CLANG_WARN_DEPRECATED_OBJC_IMPLEMENTATIONS = YES;
				CLANG_WARN_DIRECT_OBJC_ISA_USAGE = YES_ERROR;
				CLANG_WARN_DOCUMENTATION_COMMENTS = YES;
				CLANG_WARN_EMPTY_BODY = YES;
				CLANG_WARN_ENUM_CONVERSION = YES;
				CLANG_WARN_INFINITE_RECURSION = YES;
				CLANG_WARN_INT_CONVERSION = YES;
				CLANG_WARN_NON_LITERAL_NULL_CONVERSION = YES;
				CLANG_WARN_OBJC_IMPLICIT_RETAIN_SELF = YES;
				CLANG_WARN_OBJC_LITERAL_CONVERSION = YES;
				CLANG_WARN_OBJC_ROOT_CLASS = YES_ERROR;
				CLANG_WARN_QUOTED_INCLUDE_IN_FRAMEWORK_HEADER = YES;
				CLANG_WARN_RANGE_LOOP_ANALYSIS = YES;
				CLANG_WARN_STRICT_PROTOTYPES = YES;
				CLANG_WARN_SUSPICIOUS_MOVE = YES;
				CLANG_WARN_UNGUARDED_AVAILABILITY = YES_AGGRESSIVE;
				CLANG_WARN_UNREACHABLE_CODE = YES;
				CLANG_WARN__DUPLICATE_METHOD_MATCH = YES;
				COPY_PHASE_STRIP = NO;
				DEBUG_INFORMATION_FORMAT = dwarf;
				ENABLE_STRICT_OBJC_MSGSEND = YES;
				ENABLE_TESTABILITY = YES;
				GCC_C_LANGUAGE_STANDARD = gnu11;
				GCC_DYNAMIC_NO_PIC = NO;
				GCC_NO_COMMON_BLOCKS = YES;
				GCC_OPTIMIZATION_LEVEL = 0;
				GCC_PREPROCESSOR_DEFINITIONS = (
					"DEBUG=1",
					"$(inherited)",
				);
				GCC_WARN_64_TO_32_BIT_CONVERSION = YES;
				GCC_WARN_ABOUT_RETURN_TYPE = YES_ERROR;
				GCC_WARN_UNDECLARED_SELECTOR = YES;
				GCC_WARN_UNINITIALIZED_AUTOS = YES_AGGRESSIVE;
				GCC_WARN_UNUSED_FUNCTION = YES;
				GCC_WARN_UNUSED_VARIABLE = YES;
				IPHONEOS_DEPLOYMENT_TARGET = 14.3;
				MTL_ENABLE_DEBUG_INFO = INCLUDE_SOURCE;
				MTL_FAST_MATH = YES;
				ONLY_ACTIVE_ARCH = YES;
				SDKROOT = iphoneos;
				SWIFT_ACTIVE_COMPILATION_CONDITIONS = DEBUG;
				SWIFT_OPTIMIZATION_LEVEL = "-Onone";
			};
			name = Debug;
		};
		9FB82D8F25D7FC590032A0FD /* Release */ = {
			isa = XCBuildConfiguration;
			buildSettings = {
				ALWAYS_SEARCH_USER_PATHS = NO;
				CLANG_ANALYZER_NONNULL = YES;
				CLANG_ANALYZER_NUMBER_OBJECT_CONVERSION = YES_AGGRESSIVE;
				CLANG_CXX_LANGUAGE_STANDARD = "gnu++14";
				CLANG_CXX_LIBRARY = "libc++";
				CLANG_ENABLE_MODULES = YES;
				CLANG_ENABLE_OBJC_ARC = YES;
				CLANG_ENABLE_OBJC_WEAK = YES;
				CLANG_WARN_BLOCK_CAPTURE_AUTORELEASING = YES;
				CLANG_WARN_BOOL_CONVERSION = YES;
				CLANG_WARN_COMMA = YES;
				CLANG_WARN_CONSTANT_CONVERSION = YES;
				CLANG_WARN_DEPRECATED_OBJC_IMPLEMENTATIONS = YES;
				CLANG_WARN_DIRECT_OBJC_ISA_USAGE = YES_ERROR;
				CLANG_WARN_DOCUMENTATION_COMMENTS = YES;
				CLANG_WARN_EMPTY_BODY = YES;
				CLANG_WARN_ENUM_CONVERSION = YES;
				CLANG_WARN_INFINITE_RECURSION = YES;
				CLANG_WARN_INT_CONVERSION = YES;
				CLANG_WARN_NON_LITERAL_NULL_CONVERSION = YES;
				CLANG_WARN_OBJC_IMPLICIT_RETAIN_SELF = YES;
				CLANG_WARN_OBJC_LITERAL_CONVERSION = YES;
				CLANG_WARN_OBJC_ROOT_CLASS = YES_ERROR;
				CLANG_WARN_QUOTED_INCLUDE_IN_FRAMEWORK_HEADER = YES;
				CLANG_WARN_RANGE_LOOP_ANALYSIS = YES;
				CLANG_WARN_STRICT_PROTOTYPES = YES;
				CLANG_WARN_SUSPICIOUS_MOVE = YES;
				CLANG_WARN_UNGUARDED_AVAILABILITY = YES_AGGRESSIVE;
				CLANG_WARN_UNREACHABLE_CODE = YES;
				CLANG_WARN__DUPLICATE_METHOD_MATCH = YES;
				COPY_PHASE_STRIP = NO;
				DEBUG_INFORMATION_FORMAT = "dwarf-with-dsym";
				ENABLE_NS_ASSERTIONS = NO;
				ENABLE_STRICT_OBJC_MSGSEND = YES;
				GCC_C_LANGUAGE_STANDARD = gnu11;
				GCC_NO_COMMON_BLOCKS = YES;
				GCC_WARN_64_TO_32_BIT_CONVERSION = YES;
				GCC_WARN_ABOUT_RETURN_TYPE = YES_ERROR;
				GCC_WARN_UNDECLARED_SELECTOR = YES;
				GCC_WARN_UNINITIALIZED_AUTOS = YES_AGGRESSIVE;
				GCC_WARN_UNUSED_FUNCTION = YES;
				GCC_WARN_UNUSED_VARIABLE = YES;
				IPHONEOS_DEPLOYMENT_TARGET = 14.3;
				MTL_ENABLE_DEBUG_INFO = NO;
				MTL_FAST_MATH = YES;
				SDKROOT = iphoneos;
				SWIFT_COMPILATION_MODE = wholemodule;
				SWIFT_OPTIMIZATION_LEVEL = "-O";
				VALIDATE_PRODUCT = YES;
			};
			name = Release;
		};
		9FB82D9125D7FC590032A0FD /* Debug */ = {
			isa = XCBuildConfiguration;
			buildSettings = {
				ASSETCATALOG_COMPILER_APPICON_NAME = AppIcon;
				ASSETCATALOG_COMPILER_GLOBAL_ACCENT_COLOR_NAME = AccentColor;
				CODE_SIGN_STYLE = Automatic;
				DEVELOPMENT_TEAM = E8T7434UBS;
				INFOPLIST_FILE = LionheartApp/SupportingFiles/Info.plist;
				LD_RUNPATH_SEARCH_PATHS = (
					"$(inherited)",
					"@executable_path/Frameworks",
				);
				PRODUCT_BUNDLE_IDENTIFIER = lionheart.dkg.LionheartApp;
				PRODUCT_NAME = "$(TARGET_NAME)";
				SWIFT_VERSION = 5.0;
				TARGETED_DEVICE_FAMILY = "1,2";
			};
			name = Debug;
		};
		9FB82D9225D7FC590032A0FD /* Release */ = {
			isa = XCBuildConfiguration;
			buildSettings = {
				ASSETCATALOG_COMPILER_APPICON_NAME = AppIcon;
				ASSETCATALOG_COMPILER_GLOBAL_ACCENT_COLOR_NAME = AccentColor;
				CODE_SIGN_STYLE = Automatic;
				DEVELOPMENT_TEAM = E8T7434UBS;
				INFOPLIST_FILE = LionheartApp/SupportingFiles/Info.plist;
				LD_RUNPATH_SEARCH_PATHS = (
					"$(inherited)",
					"@executable_path/Frameworks",
				);
				PRODUCT_BUNDLE_IDENTIFIER = lionheart.dkg.LionheartApp;
				PRODUCT_NAME = "$(TARGET_NAME)";
				SWIFT_VERSION = 5.0;
				TARGETED_DEVICE_FAMILY = "1,2";
			};
			name = Release;
		};
		9FB82D9425D7FC590032A0FD /* Debug */ = {
			isa = XCBuildConfiguration;
			buildSettings = {
				ALWAYS_EMBED_SWIFT_STANDARD_LIBRARIES = YES;
				BUNDLE_LOADER = "$(TEST_HOST)";
				CODE_SIGN_STYLE = Automatic;
				DEVELOPMENT_TEAM = E8T7434UBS;
				INFOPLIST_FILE = LionheartAppTests/Info.plist;
				IPHONEOS_DEPLOYMENT_TARGET = 14.3;
				LD_RUNPATH_SEARCH_PATHS = (
					"$(inherited)",
					"@executable_path/Frameworks",
					"@loader_path/Frameworks",
				);
				PRODUCT_BUNDLE_IDENTIFIER = lionheart.dkg.LionheartAppTests;
				PRODUCT_NAME = "$(TARGET_NAME)";
				SWIFT_VERSION = 5.0;
				TARGETED_DEVICE_FAMILY = "1,2";
				TEST_HOST = "$(BUILT_PRODUCTS_DIR)/LionheartApp.app/LionheartApp";
			};
			name = Debug;
		};
		9FB82D9525D7FC590032A0FD /* Release */ = {
			isa = XCBuildConfiguration;
			buildSettings = {
				ALWAYS_EMBED_SWIFT_STANDARD_LIBRARIES = YES;
				BUNDLE_LOADER = "$(TEST_HOST)";
				CODE_SIGN_STYLE = Automatic;
				DEVELOPMENT_TEAM = E8T7434UBS;
				INFOPLIST_FILE = LionheartAppTests/Info.plist;
				IPHONEOS_DEPLOYMENT_TARGET = 14.3;
				LD_RUNPATH_SEARCH_PATHS = (
					"$(inherited)",
					"@executable_path/Frameworks",
					"@loader_path/Frameworks",
				);
				PRODUCT_BUNDLE_IDENTIFIER = lionheart.dkg.LionheartAppTests;
				PRODUCT_NAME = "$(TARGET_NAME)";
				SWIFT_VERSION = 5.0;
				TARGETED_DEVICE_FAMILY = "1,2";
				TEST_HOST = "$(BUILT_PRODUCTS_DIR)/LionheartApp.app/LionheartApp";
			};
			name = Release;
		};
		9FB82D9725D7FC590032A0FD /* Debug */ = {
			isa = XCBuildConfiguration;
			buildSettings = {
				ALWAYS_EMBED_SWIFT_STANDARD_LIBRARIES = YES;
				CODE_SIGN_STYLE = Automatic;
				DEVELOPMENT_TEAM = E8T7434UBS;
				INFOPLIST_FILE = LionheartAppUITests/Info.plist;
				LD_RUNPATH_SEARCH_PATHS = (
					"$(inherited)",
					"@executable_path/Frameworks",
					"@loader_path/Frameworks",
				);
				PRODUCT_BUNDLE_IDENTIFIER = lionheart.dkg.LionheartAppUITests;
				PRODUCT_NAME = "$(TARGET_NAME)";
				SWIFT_VERSION = 5.0;
				TARGETED_DEVICE_FAMILY = "1,2";
				TEST_TARGET_NAME = LionheartApp;
			};
			name = Debug;
		};
		9FB82D9825D7FC590032A0FD /* Release */ = {
			isa = XCBuildConfiguration;
			buildSettings = {
				ALWAYS_EMBED_SWIFT_STANDARD_LIBRARIES = YES;
				CODE_SIGN_STYLE = Automatic;
				DEVELOPMENT_TEAM = E8T7434UBS;
				INFOPLIST_FILE = LionheartAppUITests/Info.plist;
				LD_RUNPATH_SEARCH_PATHS = (
					"$(inherited)",
					"@executable_path/Frameworks",
					"@loader_path/Frameworks",
				);
				PRODUCT_BUNDLE_IDENTIFIER = lionheart.dkg.LionheartAppUITests;
				PRODUCT_NAME = "$(TARGET_NAME)";
				SWIFT_VERSION = 5.0;
				TARGETED_DEVICE_FAMILY = "1,2";
				TEST_TARGET_NAME = LionheartApp;
			};
			name = Release;
		};
/* End XCBuildConfiguration section */

/* Begin XCConfigurationList section */
		9FB82D6125D7FC550032A0FD /* Build configuration list for PBXProject "LionheartApp" */ = {
			isa = XCConfigurationList;
			buildConfigurations = (
				9FB82D8E25D7FC590032A0FD /* Debug */,
				9FB82D8F25D7FC590032A0FD /* Release */,
			);
			defaultConfigurationIsVisible = 0;
			defaultConfigurationName = Release;
		};
		9FB82D9025D7FC590032A0FD /* Build configuration list for PBXNativeTarget "LionheartApp" */ = {
			isa = XCConfigurationList;
			buildConfigurations = (
				9FB82D9125D7FC590032A0FD /* Debug */,
				9FB82D9225D7FC590032A0FD /* Release */,
			);
			defaultConfigurationIsVisible = 0;
			defaultConfigurationName = Release;
		};
		9FB82D9325D7FC590032A0FD /* Build configuration list for PBXNativeTarget "LionheartAppTests" */ = {
			isa = XCConfigurationList;
			buildConfigurations = (
				9FB82D9425D7FC590032A0FD /* Debug */,
				9FB82D9525D7FC590032A0FD /* Release */,
			);
			defaultConfigurationIsVisible = 0;
			defaultConfigurationName = Release;
		};
		9FB82D9625D7FC590032A0FD /* Build configuration list for PBXNativeTarget "LionheartAppUITests" */ = {
			isa = XCConfigurationList;
			buildConfigurations = (
				9FB82D9725D7FC590032A0FD /* Debug */,
				9FB82D9825D7FC590032A0FD /* Release */,
			);
			defaultConfigurationIsVisible = 0;
			defaultConfigurationName = Release;
		};
/* End XCConfigurationList section */
	};
	rootObject = 9FB82D5E25D7FC550032A0FD /* Project object */;
}
